
Microsoft Visual Studio Solution File, Format Version 12.00
# Visual Studio 15
VisualStudioVersion = 15.0.28010.2016
MinimumVisualStudioVersion = 10.0.40219.1
Project("{8BC9CEB8-8B4A-11D0-8D11-00A0C91BC942}") = "VMemStringReplacerDLL", "VMemStringReplacerDLL\VMemStringReplacerDLL.vcxproj", "{70198C45-CDA9-46E9-B4E1-6A74D3A4EA3F}"
EndProject
Project("{8BC9CEB8-8B4A-11D0-8D11-00A0C91BC942}") = "StaticImportDemo", "StaticImportDemo\StaticImportDemo.vcxproj", "{51D2CD2D-D7AE-4E6A-AC06-938A203D79E3}"
EndProject
Project("{8BC9CEB8-8B4A-11D0-8D11-00A0C91BC942}") = "DynamicImportDemo", "DynamicImportDemo\DynamicImportDemo.vcxproj", "{FA989F61-62A9-49A4-BC89-A191801A816E}"
EndProject
Global
	GlobalSection(SolutionConfigurationPlatforms) = preSolution
		Debug|x64 = Debug|x64
		Debug|x86 = Debug|x86
		Release|x64 = Release|x64
		Release|x86 = Release|x86
	EndGlobalSection
	GlobalSection(ProjectConfigurationPlatforms) = postSolution
		{70198C45-CDA9-46E9-B4E1-6A74D3A4EA3F}.Debug|x64.ActiveCfg = Debug|x64
		{70198C45-CDA9-46E9-B4E1-6A74D3A4EA3F}.Debug|x64.Build.0 = Debug|x64
		{70198C45-CDA9-46E9-B4E1-6A74D3A4EA3F}.Debug|x86.ActiveCfg = Debug|Win32
		{70198C45-CDA9-46E9-B4E1-6A74D3A4EA3F}.Debug|x86.Build.0 = Debug|Win32
		{70198C45-CDA9-46E9-B4E1-6A74D3A4EA3F}.Release|x64.ActiveCfg = Release|x64
		{70198C45-CDA9-46E9-B4E1-6A74D3A4EA3F}.Release|x64.Build.0 = Release|x64
		{70198C45-CDA9-46E9-B4E1-6A74D3A4EA3F}.Release|x86.ActiveCfg = Release|Win32
		{70198C45-CDA9-46E9-B4E1-6A74D3A4EA3F}.Release|x86.Build.0 = Release|Win32
		{51D2CD2D-D7AE-4E6A-AC06-938A203D79E3}.Debug|x64.ActiveCfg = Debug|x64
		{51D2CD2D-D7AE-4E6A-AC06-938A203D79E3}.Debug|x64.Build.0 = Debug|x64
		{51D2CD2D-D7AE-4E6A-AC06-938A203D79E3}.Debug|x86.ActiveCfg = Debug|Win32
		{51D2CD2D-D7AE-4E6A-AC06-938A203D79E3}.Debug|x86.Build.0 = Debug|Win32
		{51D2CD2D-D7AE-4E6A-AC06-938A203D79E3}.Release|x64.ActiveCfg = Release|x64
		{51D2CD2D-D7AE-4E6A-AC06-938A203D79E3}.Release|x64.Build.0 = Release|x64
		{51D2CD2D-D7AE-4E6A-AC06-938A203D79E3}.Release|x86.ActiveCfg = Release|Win32
		{51D2CD2D-D7AE-4E6A-AC06-938A203D79E3}.Release|x86.Build.0 = Release|Win32
		{FA989F61-62A9-49A4-BC89-A191801A816E}.Debug|x64.ActiveCfg = Debug|x64
		{FA989F61-62A9-49A4-BC89-A191801A816E}.Debug|x64.Build.0 = Debug|x64
		{FA989F61-62A9-49A4-BC89-A191801A816E}.Debug|x86.ActiveCfg = Debug|Win32
		{FA989F61-62A9-49A4-BC89-A191801A816E}.Debug|x86.Build.0 = Debug|Win32
		{FA989F61-62A9-49A4-BC89-A191801A816E}.Release|x64.ActiveCfg = Release|x64
		{FA989F61-62A9-49A4-BC89-A191801A816E}.Release|x64.Build.0 = Release|x64
		{FA989F61-62A9-49A4-BC89-A191801A816E}.Release|x86.ActiveCfg = Release|Win32
		{FA989F61-62A9-49A4-BC89-A191801A816E}.Release|x86.Build.0 = Release|Win32
	EndGlobalSection
	GlobalSection(SolutionProperties) = preSolution
		HideSolutionNode = FALSE
	EndGlobalSection
	GlobalSection(ExtensibilityGlobals) = postSolution
		SolutionGuid = {5833D588-F97E-45CB-9F5A-07FB4E23204F}
	EndGlobalSection
EndGlobal
